
Microsoft Visual Studio Solution File, Format Version 12.00
# Visual Studio Version 16
VisualStudioVersion = 16.0.31205.134
MinimumVisualStudioVersion = 10.0.40219.1
Project("{FAE04EC0-301F-11D3-BF4B-00C04F79EFBC}") = "ExamBusinessLogic", "ExamBusinessLogic\ExamBusinessLogic.csproj", "{73C4577D-685A-4520-A299-7B7F39BC473D}"
EndProject
Project("{FAE04EC0-301F-11D3-BF4B-00C04F79EFBC}") = "ExamDatabaseImplement", "ExamDatabaseImplement\ExamDatabaseImplement.csproj", "{6B4FBF27-A8A8-4855-9BFC-87E0DF205615}"
EndProject
Project("{FAE04EC0-301F-11D3-BF4B-00C04F79EFBC}") = "ExamView", "ExamView\ExamView.csproj", "{8863A08B-8B42-41A1-BEB7-BD00994BB1A4}"
EndProject
Global
	GlobalSection(SolutionConfigurationPlatforms) = preSolution
		Debug|Any CPU = Debug|Any CPU
		Release|Any CPU = Release|Any CPU
	EndGlobalSection
	GlobalSection(ProjectConfigurationPlatforms) = postSolution
		{73C4577D-685A-4520-A299-7B7F39BC473D}.Debug|Any CPU.ActiveCfg = Debug|Any CPU
		{73C4577D-685A-4520-A299-7B7F39BC473D}.Debug|Any CPU.Build.0 = Debug|Any CPU
		{73C4577D-685A-4520-A299-7B7F39BC473D}.Release|Any CPU.ActiveCfg = Release|Any CPU
		{73C4577D-685A-4520-A299-7B7F39BC473D}.Release|Any CPU.Build.0 = Release|Any CPU
		{6B4FBF27-A8A8-4855-9BFC-87E0DF205615}.Debug|Any CPU.ActiveCfg = Debug|Any CPU
		{6B4FBF27-A8A8-4855-9BFC-87E0DF205615}.Debug|Any CPU.Build.0 = Debug|Any CPU
		{6B4FBF27-A8A8-4855-9BFC-87E0DF205615}.Release|Any CPU.ActiveCfg = Release|Any CPU
		{6B4FBF27-A8A8-4855-9BFC-87E0DF205615}.Release|Any CPU.Build.0 = Release|Any CPU
		{8863A08B-8B42-41A1-BEB7-BD00994BB1A4}.Debug|Any CPU.ActiveCfg = Debug|Any CPU
		{8863A08B-8B42-41A1-BEB7-BD00994BB1A4}.Debug|Any CPU.Build.0 = Debug|Any CPU
		{8863A08B-8B42-41A1-BEB7-BD00994BB1A4}.Release|Any CPU.ActiveCfg = Release|Any CPU
		{8863A08B-8B42-41A1-BEB7-BD00994BB1A4}.Release|Any CPU.Build.0 = Release|Any CPU
	EndGlobalSection
	GlobalSection(SolutionProperties) = preSolution
		HideSolutionNode = FALSE
	EndGlobalSection
	GlobalSection(ExtensibilityGlobals) = postSolution
		SolutionGuid = {E1E82A6D-EF53-4CA2-B281-A274D18EA327}
	EndGlobalSection
EndGlobal
